
Microsoft Visual Studio Solution File, Format Version 12.00
# Visual Studio Version 17
VisualStudioVersion = 17.11.35219.272
MinimumVisualStudioVersion = 10.0.40219.1
Project("{FAE04EC0-301F-11D3-BF4B-00C04F79EFBC}") = "API_Safarzad", "API_Safarzad\API_Safarzad.csproj", "{A725333E-39E0-4922-ADCC-4AC064DD08DF}"
EndProject
Project("{FAE04EC0-301F-11D3-BF4B-00C04F79EFBC}") = "IInterfacse", "IInterfacse\IInterfacse.csproj", "{13DB359C-8D18-4D36-8ECB-995AA52EA6CE}"
EndProject
Project("{FAE04EC0-301F-11D3-BF4B-00C04F79EFBC}") = "Model", "Model\Model.csproj", "{AB86B0C6-5B45-49D1-863A-1125854443E4}"
EndProject
Global
	GlobalSection(SolutionConfigurationPlatforms) = preSolution
		Debug|Any CPU = Debug|Any CPU
		Release|Any CPU = Release|Any CPU
	EndGlobalSection
	GlobalSection(ProjectConfigurationPlatforms) = postSolution
		{A725333E-39E0-4922-ADCC-4AC064DD08DF}.Debug|Any CPU.ActiveCfg = Debug|Any CPU
		{A725333E-39E0-4922-ADCC-4AC064DD08DF}.Debug|Any CPU.Build.0 = Debug|Any CPU
		{A725333E-39E0-4922-ADCC-4AC064DD08DF}.Release|Any CPU.ActiveCfg = Release|Any CPU
		{A725333E-39E0-4922-ADCC-4AC064DD08DF}.Release|Any CPU.Build.0 = Release|Any CPU
		{13DB359C-8D18-4D36-8ECB-995AA52EA6CE}.Debug|Any CPU.ActiveCfg = Debug|Any CPU
		{13DB359C-8D18-4D36-8ECB-995AA52EA6CE}.Debug|Any CPU.Build.0 = Debug|Any CPU
		{13DB359C-8D18-4D36-8ECB-995AA52EA6CE}.Release|Any CPU.ActiveCfg = Release|Any CPU
		{13DB359C-8D18-4D36-8ECB-995AA52EA6CE}.Release|Any CPU.Build.0 = Release|Any CPU
		{AB86B0C6-5B45-49D1-863A-1125854443E4}.Debug|Any CPU.ActiveCfg = Debug|Any CPU
		{AB86B0C6-5B45-49D1-863A-1125854443E4}.Debug|Any CPU.Build.0 = Debug|Any CPU
		{AB86B0C6-5B45-49D1-863A-1125854443E4}.Release|Any CPU.ActiveCfg = Release|Any CPU
		{AB86B0C6-5B45-49D1-863A-1125854443E4}.Release|Any CPU.Build.0 = Release|Any CPU
	EndGlobalSection
	GlobalSection(SolutionProperties) = preSolution
		HideSolutionNode = FALSE
	EndGlobalSection
	GlobalSection(ExtensibilityGlobals) = postSolution
		SolutionGuid = {9770E758-E098-4D44-A563-9825B8E206AB}
	EndGlobalSection
EndGlobal
